
Microsoft Visual Studio Solution File, Format Version 12.00
# Visual Studio Version 17
VisualStudioVersion = 17.9.34723.18
MinimumVisualStudioVersion = 10.0.40219.1
Project("{FAE04EC0-301F-11D3-BF4B-00C04F79EFBC}") = "ADO-TASK-9", "ADO-TASK-9\ADO-TASK-9.csproj", "{7F7A3560-45EF-4BA5-81B7-9B2072B10335}"
EndProject
Global
	GlobalSection(SolutionConfigurationPlatforms) = preSolution
		Debug|Any CPU = Debug|Any CPU
		Release|Any CPU = Release|Any CPU
	EndGlobalSection
	GlobalSection(ProjectConfigurationPlatforms) = postSolution
		{7F7A3560-45EF-4BA5-81B7-9B2072B10335}.Debug|Any CPU.ActiveCfg = Debug|Any CPU
		{7F7A3560-45EF-4BA5-81B7-9B2072B10335}.Debug|Any CPU.Build.0 = Debug|Any CPU
		{7F7A3560-45EF-4BA5-81B7-9B2072B10335}.Release|Any CPU.ActiveCfg = Release|Any CPU
		{7F7A3560-45EF-4BA5-81B7-9B2072B10335}.Release|Any CPU.Build.0 = Release|Any CPU
	EndGlobalSection
	GlobalSection(SolutionProperties) = preSolution
		HideSolutionNode = FALSE
	EndGlobalSection
	GlobalSection(ExtensibilityGlobals) = postSolution
		SolutionGuid = {32D29F54-1065-489F-9BEA-2F21E2EB4857}
	EndGlobalSection
EndGlobal
